{
  "lockfileVersion": 1,
  "workspaces": {
    "": {
      "name": "gitshow",
      "dependencies": {
        "@openrouter/agent": "^0.3.2",
        "@openrouter/sdk": "^0.12.8",
        "dotenv": "^16.4.5",
        "zod": "^4.3.6",
      },
      "devDependencies": {
        "@types/node": "^22.10.0",
        "typescript": "^5.6.3",
      },
    },
  },
  "packages": {
    "@openrouter/agent": ["@openrouter/agent@0.3.2", "", { "dependencies": { "@openrouter/sdk": "*", "zod": "^4.0.0" } }, "sha512-ovC9OJLWHdhCozg12Y/PC7+mUuQP+uwC1pxpY+nUzor428sNOixxmHZtcZAv8WIjwJdda5o+4OKe0yqiQRfkcA=="],

    "@openrouter/sdk": ["@openrouter/sdk@0.12.8", "", { "dependencies": { "zod": "^3.25.0 || ^4.0.0" } }, "sha512-KHI7Gy0c/4ecerfEPnnVeU/OTpSdFHjNHZOvp7GJVl30jxcWNVDId86N87MefdVyR5T70yZYItDTnlbb49ESGQ=="],

    "@types/node": ["@types/node@22.19.17", "", { "dependencies": { "undici-types": "~6.21.0" } }, "sha512-wGdMcf+vPYM6jikpS/qhg6WiqSV/OhG+jeeHT/KlVqxYfD40iYJf9/AE1uQxVWFvU7MipKRkRv8NSHiCGgPr8Q=="],

    "dotenv": ["dotenv@16.6.1", "", {}, "sha512-uBq4egWHTcTt33a72vpSG0z3HnPuIl6NqYcTrKEg2azoEyl2hpW0zqlxysq2pK9HlDIHyHyakeYaYnSAwd8bow=="],

    "typescript": ["typescript@5.9.3", "", { "bin": { "tsc": "bin/tsc", "tsserver": "bin/tsserver" } }, "sha512-jl1vZzPDinLr9eUt3J/t7V6FgNEw9QjvBPdysz9KfQDD41fQrC2Y4vKQdiaUpFT4bXlb1RHhLpp8wtm6M5TgSw=="],

    "undici-types": ["undici-types@6.21.0", "", {}, "sha512-iwDZqg0QAGrg9Rav5H4n0M64c3mkR59cJ6wQp+7C4nI0gsmExaedaYLNO44eT4AtBBwjbTiGPMlt2Md0T9H9JQ=="],

    "zod": ["zod@4.3.6", "", {}, "sha512-rftlrkhHZOcjDwkGlnUtZZkvaPHCsDATp4pGpuOOMDaTdDDXF91wuVDJoWoPsKX/3YPQ5fHuF3STjcYyKr+Qhg=="],

    "@openrouter/sdk/zod": ["zod@3.25.76", "", {}, "sha512-gzUt/qt81nXsFGKIFcC3YnfEAx5NkunCfnDlvuBSSFS02bcXu4Lmea0AFIUwbLWxWPx3d9p8S5QoaujKcNQxcQ=="],
  }
}
